// !$*UTF8*$!
{
	archiveVersion = 1;
	classes = {
	};
	objectVersion = 50;
	objects = {

/* Begin PBXBuildFile section */
		E72CA9DE253F3787003CC1ED /* AppDelegate.m in Sources */ = {isa = PBXBuildFile; fileRef = E72CA9DD253F3787003CC1ED /* AppDelegate.m */; };
		E72CA9E1253F3787003CC1ED /* SceneDelegate.m in Sources */ = {isa = PBXBuildFile; fileRef = E72CA9E0253F3787003CC1ED /* SceneDelegate.m */; };
		E72CA9E4253F3787003CC1ED /* ViewController.m in Sources */ = {isa = PBXBuildFile; fileRef = E72CA9E3253F3787003CC1ED /* ViewController.m */; };
		E72CA9E7253F3787003CC1ED /* Main.storyboard in Resources */ = {isa = PBXBuildFile; fileRef = E72CA9E5253F3787003CC1ED /* Main.storyboard */; };
		E72CA9E9253F378A003CC1ED /* Assets.xcassets in Resources */ = {isa = PBXBuildFile; fileRef = E72CA9E8253F378A003CC1ED /* Assets.xcassets */; };
		E72CA9EC253F378A003CC1ED /* LaunchScreen.storyboard in Resources */ = {isa = PBXBuildFile; fileRef = E72CA9EA253F378A003CC1ED /* LaunchScreen.storyboard */; };
		E72CA9EF253F378A003CC1ED /* main.m in Sources */ = {isa = PBXBuildFile; fileRef = E72CA9EE253F378A003CC1ED /* main.m */; };
		E778FA4025374D66009EC1B7 /* AppDelegate.m in Sources */ = {isa = PBXBuildFile; fileRef = E778FA3F25374D66009EC1B7 /* AppDelegate.m */; };
		E778FA4325374D66009EC1B7 /* SceneDelegate.m in Sources */ = {isa = PBXBuildFile; fileRef = E778FA4225374D66009EC1B7 /* SceneDelegate.m */; };
		E778FA4625374D66009EC1B7 /* ViewController.m in Sources */ = {isa = PBXBuildFile; fileRef = E778FA4525374D66009EC1B7 /* ViewController.m */; };
		E778FA4925374D66009EC1B7 /* Main.storyboard in Resources */ = {isa = PBXBuildFile; fileRef = E778FA4725374D66009EC1B7 /* Main.storyboard */; };
		E778FA4C25374D66009EC1B7 /* iFocusTech.xcdatamodeld in Sources */ = {isa = PBXBuildFile; fileRef = E778FA4A25374D66009EC1B7 /* iFocusTech.xcdatamodeld */; };
		E778FA4E25374D6C009EC1B7 /* Assets.xcassets in Resources */ = {isa = PBXBuildFile; fileRef = E778FA4D25374D6C009EC1B7 /* Assets.xcassets */; };
		E778FA5125374D6C009EC1B7 /* LaunchScreen.storyboard in Resources */ = {isa = PBXBuildFile; fileRef = E778FA4F25374D6C009EC1B7 /* LaunchScreen.storyboard */; };
		E778FA5425374D6C009EC1B7 /* main.m in Sources */ = {isa = PBXBuildFile; fileRef = E778FA5325374D6C009EC1B7 /* main.m */; };
		E778FA5E25374D6C009EC1B7 /* iFocusTechTests.m in Sources */ = {isa = PBXBuildFile; fileRef = E778FA5D25374D6C009EC1B7 /* iFocusTechTests.m */; };
		E778FA6925374D6C009EC1B7 /* iFocusTechUITests.m in Sources */ = {isa = PBXBuildFile; fileRef = E778FA6825374D6C009EC1B7 /* iFocusTechUITests.m */; };
		E778FA7E25374E3D009EC1B7 /* AppDelegate.m in Sources */ = {isa = PBXBuildFile; fileRef = E778FA7D25374E3D009EC1B7 /* AppDelegate.m */; };
		E778FA8125374E3D009EC1B7 /* SceneDelegate.m in Sources */ = {isa = PBXBuildFile; fileRef = E778FA8025374E3D009EC1B7 /* SceneDelegate.m */; };
		E778FA8425374E3D009EC1B7 /* ViewController.m in Sources */ = {isa = PBXBuildFile; fileRef = E778FA8325374E3D009EC1B7 /* ViewController.m */; };
		E778FA8725374E3D009EC1B7 /* Main.storyboard in Resources */ = {isa = PBXBuildFile; fileRef = E778FA8525374E3D009EC1B7 /* Main.storyboard */; };
		E778FA8925374E3F009EC1B7 /* Assets.xcassets in Resources */ = {isa = PBXBuildFile; fileRef = E778FA8825374E3F009EC1B7 /* Assets.xcassets */; };
		E778FA8C25374E3F009EC1B7 /* LaunchScreen.storyboard in Resources */ = {isa = PBXBuildFile; fileRef = E778FA8A25374E3F009EC1B7 /* LaunchScreen.storyboard */; };
		E778FA8F25374E3F009EC1B7 /* main.m in Sources */ = {isa = PBXBuildFile; fileRef = E778FA8E25374E3F009EC1B7 /* main.m */; };
		E778FA9B253B2695009EC1B7 /* AppDelegate.m in Sources */ = {isa = PBXBuildFile; fileRef = E778FA9A253B2695009EC1B7 /* AppDelegate.m */; };
		E778FA9E253B2695009EC1B7 /* SceneDelegate.m in Sources */ = {isa = PBXBuildFile; fileRef = E778FA9D253B2695009EC1B7 /* SceneDelegate.m */; };
		E778FAA1253B2695009EC1B7 /* ViewController.m in Sources */ = {isa = PBXBuildFile; fileRef = E778FAA0253B2695009EC1B7 /* ViewController.m */; };
		E778FAA4253B2695009EC1B7 /* Main.storyboard in Resources */ = {isa = PBXBuildFile; fileRef = E778FAA2253B2695009EC1B7 /* Main.storyboard */; };
		E778FAA6253B2699009EC1B7 /* Assets.xcassets in Resources */ = {isa = PBXBuildFile; fileRef = E778FAA5253B2699009EC1B7 /* Assets.xcassets */; };
		E778FAA9253B2699009EC1B7 /* LaunchScreen.storyboard in Resources */ = {isa = PBXBuildFile; fileRef = E778FAA7253B2699009EC1B7 /* LaunchScreen.storyboard */; };
		E778FAAC253B2699009EC1B7 /* main.m in Sources */ = {isa = PBXBuildFile; fileRef = E778FAAB253B2699009EC1B7 /* main.m */; };
		E778FAB2253B3A38009EC1B7 /* Person.m in Sources */ = {isa = PBXBuildFile; fileRef = E778FAB1253B3A38009EC1B7 /* Person.m */; };
/* End PBXBuildFile section */

/* Begin PBXContainerItemProxy section */
		E778FA5A25374D6C009EC1B7 /* PBXContainerItemProxy */ = {
			isa = PBXContainerItemProxy;
			containerPortal = E778FA3325374D66009EC1B7 /* Project object */;
			proxyType = 1;
			remoteGlobalIDString = E778FA3A25374D66009EC1B7;
			remoteInfo = iFocusTech;
		};
		E778FA6525374D6C009EC1B7 /* PBXContainerItemProxy */ = {
			isa = PBXContainerItemProxy;
			containerPortal = E778FA3325374D66009EC1B7 /* Project object */;
			proxyType = 1;
			remoteGlobalIDString = E778FA3A25374D66009EC1B7;
			remoteInfo = iFocusTech;
		};
/* End PBXContainerItemProxy section */

/* Begin PBXFileReference section */
		E72CA9DA253F3786003CC1ED /* runtime.app */ = {isa = PBXFileReference; explicitFileType = wrapper.application; includeInIndex = 0; path = runtime.app; sourceTree = BUILT_PRODUCTS_DIR; };
		E72CA9DC253F3786003CC1ED /* AppDelegate.h */ = {isa = PBXFileReference; lastKnownFileType = sourcecode.c.h; path = AppDelegate.h; sourceTree = "<group>"; };
		E72CA9DD253F3787003CC1ED /* AppDelegate.m */ = {isa = PBXFileReference; lastKnownFileType = sourcecode.c.objc; path = AppDelegate.m; sourceTree = "<group>"; };
		E72CA9DF253F3787003CC1ED /* SceneDelegate.h */ = {isa = PBXFileReference; lastKnownFileType = sourcecode.c.h; path = SceneDelegate.h; sourceTree = "<group>"; };
		E72CA9E0253F3787003CC1ED /* SceneDelegate.m */ = {isa = PBXFileReference; lastKnownFileType = sourcecode.c.objc; path = SceneDelegate.m; sourceTree = "<group>"; };
		E72CA9E2253F3787003CC1ED /* ViewController.h */ = {isa = PBXFileReference; lastKnownFileType = sourcecode.c.h; path = ViewController.h; sourceTree = "<group>"; };
		E72CA9E3253F3787003CC1ED /* ViewController.m */ = {isa = PBXFileReference; lastKnownFileType = sourcecode.c.objc; path = ViewController.m; sourceTree = "<group>"; };
		E72CA9E6253F3787003CC1ED /* Base */ = {isa = PBXFileReference; lastKnownFileType = file.storyboard; name = Base; path = Base.lproj/Main.storyboard; sourceTree = "<group>"; };
		E72CA9E8253F378A003CC1ED /* Assets.xcassets */ = {isa = PBXFileReference; lastKnownFileType = folder.assetcatalog; path = Assets.xcassets; sourceTree = "<group>"; };
		E72CA9EB253F378A003CC1ED /* Base */ = {isa = PBXFileReference; lastKnownFileType = file.storyboard; name = Base; path = Base.lproj/LaunchScreen.storyboard; sourceTree = "<group>"; };
		E72CA9ED253F378A003CC1ED /* Info.plist */ = {isa = PBXFileReference; lastKnownFileType = text.plist.xml; path = Info.plist; sourceTree = "<group>"; };
		E72CA9EE253F378A003CC1ED /* main.m */ = {isa = PBXFileReference; lastKnownFileType = sourcecode.c.objc; path = main.m; sourceTree = "<group>"; };
		E778FA3B25374D66009EC1B7 /* iFocusTech.app */ = {isa = PBXFileReference; explicitFileType = wrapper.application; includeInIndex = 0; path = iFocusTech.app; sourceTree = BUILT_PRODUCTS_DIR; };
		E778FA3E25374D66009EC1B7 /* AppDelegate.h */ = {isa = PBXFileReference; lastKnownFileType = sourcecode.c.h; path = AppDelegate.h; sourceTree = "<group>"; };
		E778FA3F25374D66009EC1B7 /* AppDelegate.m */ = {isa = PBXFileReference; lastKnownFileType = sourcecode.c.objc; path = AppDelegate.m; sourceTree = "<group>"; };
		E778FA4125374D66009EC1B7 /* SceneDelegate.h */ = {isa = PBXFileReference; lastKnownFileType = sourcecode.c.h; path = SceneDelegate.h; sourceTree = "<group>"; };
		E778FA4225374D66009EC1B7 /* SceneDelegate.m */ = {isa = PBXFileReference; lastKnownFileType = sourcecode.c.objc; path = SceneDelegate.m; sourceTree = "<group>"; };
		E778FA4425374D66009EC1B7 /* ViewController.h */ = {isa = PBXFileReference; lastKnownFileType = sourcecode.c.h; path = ViewController.h; sourceTree = "<group>"; };
		E778FA4525374D66009EC1B7 /* ViewController.m */ = {isa = PBXFileReference; lastKnownFileType = sourcecode.c.objc; path = ViewController.m; sourceTree = "<group>"; };
		E778FA4825374D66009EC1B7 /* Base */ = {isa = PBXFileReference; lastKnownFileType = file.storyboard; name = Base; path = Base.lproj/Main.storyboard; sourceTree = "<group>"; };
		E778FA4B25374D66009EC1B7 /* iFocusTech.xcdatamodel */ = {isa = PBXFileReference; lastKnownFileType = wrapper.xcdatamodel; path = iFocusTech.xcdatamodel; sourceTree = "<group>"; };
		E778FA4D25374D6C009EC1B7 /* Assets.xcassets */ = {isa = PBXFileReference; lastKnownFileType = folder.assetcatalog; path = Assets.xcassets; sourceTree = "<group>"; };
		E778FA5025374D6C009EC1B7 /* Base */ = {isa = PBXFileReference; lastKnownFileType = file.storyboard; name = Base; path = Base.lproj/LaunchScreen.storyboard; sourceTree = "<group>"; };
		E778FA5225374D6C009EC1B7 /* Info.plist */ = {isa = PBXFileReference; lastKnownFileType = text.plist.xml; path = Info.plist; sourceTree = "<group>"; };
		E778FA5325374D6C009EC1B7 /* main.m */ = {isa = PBXFileReference; lastKnownFileType = sourcecode.c.objc; path = main.m; sourceTree = "<group>"; };
		E778FA5925374D6C009EC1B7 /* iFocusTechTests.xctest */ = {isa = PBXFileReference; explicitFileType = wrapper.cfbundle; includeInIndex = 0; path = iFocusTechTests.xctest; sourceTree = BUILT_PRODUCTS_DIR; };
		E778FA5D25374D6C009EC1B7 /* iFocusTechTests.m */ = {isa = PBXFileReference; lastKnownFileType = sourcecode.c.objc; path = iFocusTechTests.m; sourceTree = "<group>"; };
		E778FA5F25374D6C009EC1B7 /* Info.plist */ = {isa = PBXFileReference; lastKnownFileType = text.plist.xml; path = Info.plist; sourceTree = "<group>"; };
		E778FA6425374D6C009EC1B7 /* iFocusTechUITests.xctest */ = {isa = PBXFileReference; explicitFileType = wrapper.cfbundle; includeInIndex = 0; path = iFocusTechUITests.xctest; sourceTree = BUILT_PRODUCTS_DIR; };
		E778FA6825374D6C009EC1B7 /* iFocusTechUITests.m */ = {isa = PBXFileReference; lastKnownFileType = sourcecode.c.objc; path = iFocusTechUITests.m; sourceTree = "<group>"; };
		E778FA6A25374D6C009EC1B7 /* Info.plist */ = {isa = PBXFileReference; lastKnownFileType = text.plist.xml; path = Info.plist; sourceTree = "<group>"; };
		E778FA7A25374E3D009EC1B7 /* 内存管理.app */ = {isa = PBXFileReference; explicitFileType = wrapper.application; includeInIndex = 0; path = "内存管理.app"; sourceTree = BUILT_PRODUCTS_DIR; };
		E778FA7C25374E3D009EC1B7 /* AppDelegate.h */ = {isa = PBXFileReference; lastKnownFileType = sourcecode.c.h; path = AppDelegate.h; sourceTree = "<group>"; };
		E778FA7D25374E3D009EC1B7 /* AppDelegate.m */ = {isa = PBXFileReference; lastKnownFileType = sourcecode.c.objc; path = AppDelegate.m; sourceTree = "<group>"; };
		E778FA7F25374E3D009EC1B7 /* SceneDelegate.h */ = {isa = PBXFileReference; lastKnownFileType = sourcecode.c.h; path = SceneDelegate.h; sourceTree = "<group>"; };
		E778FA8025374E3D009EC1B7 /* SceneDelegate.m */ = {isa = PBXFileReference; lastKnownFileType = sourcecode.c.objc; path = SceneDelegate.m; sourceTree = "<group>"; };
		E778FA8225374E3D009EC1B7 /* ViewController.h */ = {isa = PBXFileReference; lastKnownFileType = sourcecode.c.h; path = ViewController.h; sourceTree = "<group>"; };
		E778FA8325374E3D009EC1B7 /* ViewController.m */ = {isa = PBXFileReference; lastKnownFileType = sourcecode.c.objc; path = ViewController.m; sourceTree = "<group>"; };
		E778FA8625374E3D009EC1B7 /* Base */ = {isa = PBXFileReference; lastKnownFileType = file.storyboard; name = Base; path = Base.lproj/Main.storyboard; sourceTree = "<group>"; };
		E778FA8825374E3F009EC1B7 /* Assets.xcassets */ = {isa = PBXFileReference; lastKnownFileType = folder.assetcatalog; path = Assets.xcassets; sourceTree = "<group>"; };
		E778FA8B25374E3F009EC1B7 /* Base */ = {isa = PBXFileReference; lastKnownFileType = file.storyboard; name = Base; path = Base.lproj/LaunchScreen.storyboard; sourceTree = "<group>"; };
		E778FA8D25374E3F009EC1B7 /* Info.plist */ = {isa = PBXFileReference; lastKnownFileType = text.plist.xml; path = Info.plist; sourceTree = "<group>"; };
		E778FA8E25374E3F009EC1B7 /* main.m */ = {isa = PBXFileReference; lastKnownFileType = sourcecode.c.objc; path = main.m; sourceTree = "<group>"; };
		E778FA97253B2695009EC1B7 /* 多线程.app */ = {isa = PBXFileReference; explicitFileType = wrapper.application; includeInIndex = 0; path = "多线程.app"; sourceTree = BUILT_PRODUCTS_DIR; };
		E778FA99253B2695009EC1B7 /* AppDelegate.h */ = {isa = PBXFileReference; lastKnownFileType = sourcecode.c.h; path = AppDelegate.h; sourceTree = "<group>"; };
		E778FA9A253B2695009EC1B7 /* AppDelegate.m */ = {isa = PBXFileReference; lastKnownFileType = sourcecode.c.objc; path = AppDelegate.m; sourceTree = "<group>"; };
		E778FA9C253B2695009EC1B7 /* SceneDelegate.h */ = {isa = PBXFileReference; lastKnownFileType = sourcecode.c.h; path = SceneDelegate.h; sourceTree = "<group>"; };
		E778FA9D253B2695009EC1B7 /* SceneDelegate.m */ = {isa = PBXFileReference; lastKnownFileType = sourcecode.c.objc; path = SceneDelegate.m; sourceTree = "<group>"; };
		E778FA9F253B2695009EC1B7 /* ViewController.h */ = {isa = PBXFileReference; lastKnownFileType = sourcecode.c.h; path = ViewController.h; sourceTree = "<group>"; };
		E778FAA0253B2695009EC1B7 /* ViewController.m */ = {isa = PBXFileReference; lastKnownFileType = sourcecode.c.objc; path = ViewController.m; sourceTree = "<group>"; };
		E778FAA3253B2695009EC1B7 /* Base */ = {isa = PBXFileReference; lastKnownFileType = file.storyboard; name = Base; path = Base.lproj/Main.storyboard; sourceTree = "<group>"; };
		E778FAA5253B2699009EC1B7 /* Assets.xcassets */ = {isa = PBXFileReference; lastKnownFileType = folder.assetcatalog; path = Assets.xcassets; sourceTree = "<group>"; };
		E778FAA8253B2699009EC1B7 /* Base */ = {isa = PBXFileReference; lastKnownFileType = file.storyboard; name = Base; path = Base.lproj/LaunchScreen.storyboard; sourceTree = "<group>"; };
		E778FAAA253B2699009EC1B7 /* Info.plist */ = {isa = PBXFileReference; lastKnownFileType = text.plist.xml; path = Info.plist; sourceTree = "<group>"; };
		E778FAAB253B2699009EC1B7 /* main.m */ = {isa = PBXFileReference; lastKnownFileType = sourcecode.c.objc; path = main.m; sourceTree = "<group>"; };
		E778FAB0253B3A38009EC1B7 /* Person.h */ = {isa = PBXFileReference; lastKnownFileType = sourcecode.c.h; path = Person.h; sourceTree = "<group>"; };
		E778FAB1253B3A38009EC1B7 /* Person.m */ = {isa = PBXFileReference; lastKnownFileType = sourcecode.c.objc; path = Person.m; sourceTree = "<group>"; };
		E778FAB3253B4495009EC1B7 /* PublicHeader.h */ = {isa = PBXFileReference; lastKnownFileType = sourcecode.c.h; path = PublicHeader.h; sourceTree = "<group>"; };
/* End PBXFileReference section */

/* Begin PBXFrameworksBuildPhase section */
		E72CA9D7253F3786003CC1ED /* Frameworks */ = {
			isa = PBXFrameworksBuildPhase;
			buildActionMask = 2147483647;
			files = (
			);
			runOnlyForDeploymentPostprocessing = 0;
		};
		E778FA3825374D66009EC1B7 /* Frameworks */ = {
			isa = PBXFrameworksBuildPhase;
			buildActionMask = 2147483647;
			files = (
			);
			runOnlyForDeploymentPostprocessing = 0;
		};
		E778FA5625374D6C009EC1B7 /* Frameworks */ = {
			isa = PBXFrameworksBuildPhase;
			buildActionMask = 2147483647;
			files = (
			);
			runOnlyForDeploymentPostprocessing = 0;
		};
		E778FA6125374D6C009EC1B7 /* Frameworks */ = {
			isa = PBXFrameworksBuildPhase;
			buildActionMask = 2147483647;
			files = (
			);
			runOnlyForDeploymentPostprocessing = 0;
		};
		E778FA7725374E3D009EC1B7 /* Frameworks */ = {
			isa = PBXFrameworksBuildPhase;
			buildActionMask = 2147483647;
			files = (
			);
			runOnlyForDeploymentPostprocessing = 0;
		};
		E778FA94253B2695009EC1B7 /* Frameworks */ = {
			isa = PBXFrameworksBuildPhase;
			buildActionMask = 2147483647;
			files = (
			);
			runOnlyForDeploymentPostprocessing = 0;
		};
/* End PBXFrameworksBuildPhase section */

/* Begin PBXGroup section */
		E72CA9DB253F3786003CC1ED /* runtime */ = {
			isa = PBXGroup;
			children = (
				E72CA9DC253F3786003CC1ED /* AppDelegate.h */,
				E72CA9DD253F3787003CC1ED /* AppDelegate.m */,
				E72CA9DF253F3787003CC1ED /* SceneDelegate.h */,
				E72CA9E0253F3787003CC1ED /* SceneDelegate.m */,
				E72CA9E2253F3787003CC1ED /* ViewController.h */,
				E72CA9E3253F3787003CC1ED /* ViewController.m */,
				E72CA9E5253F3787003CC1ED /* Main.storyboard */,
				E72CA9E8253F378A003CC1ED /* Assets.xcassets */,
				E72CA9EA253F378A003CC1ED /* LaunchScreen.storyboard */,
				E72CA9ED253F378A003CC1ED /* Info.plist */,
				E72CA9EE253F378A003CC1ED /* main.m */,
			);
			path = runtime;
			sourceTree = "<group>";
		};
		E778FA3225374D66009EC1B7 = {
			isa = PBXGroup;
			children = (
				E778FA7B25374E3D009EC1B7 /* 内存管理 */,
				E778FA3D25374D66009EC1B7 /* iFocusTech */,
				E778FA5C25374D6C009EC1B7 /* iFocusTechTests */,
				E778FA6725374D6C009EC1B7 /* iFocusTechUITests */,
				E778FA98253B2695009EC1B7 /* 多线程 */,
				E72CA9DB253F3786003CC1ED /* runtime */,
				E778FA3C25374D66009EC1B7 /* Products */,
			);
			sourceTree = "<group>";
		};
		E778FA3C25374D66009EC1B7 /* Products */ = {
			isa = PBXGroup;
			children = (
				E778FA3B25374D66009EC1B7 /* iFocusTech.app */,
				E778FA5925374D6C009EC1B7 /* iFocusTechTests.xctest */,
				E778FA6425374D6C009EC1B7 /* iFocusTechUITests.xctest */,
				E778FA7A25374E3D009EC1B7 /* 内存管理.app */,
				E778FA97253B2695009EC1B7 /* 多线程.app */,
				E72CA9DA253F3786003CC1ED /* runtime.app */,
			);
			name = Products;
			sourceTree = "<group>";
		};
		E778FA3D25374D66009EC1B7 /* iFocusTech */ = {
			isa = PBXGroup;
			children = (
				E778FA3E25374D66009EC1B7 /* AppDelegate.h */,
				E778FA3F25374D66009EC1B7 /* AppDelegate.m */,
				E778FA4125374D66009EC1B7 /* SceneDelegate.h */,
				E778FA4225374D66009EC1B7 /* SceneDelegate.m */,
				E778FA4425374D66009EC1B7 /* ViewController.h */,
				E778FA4525374D66009EC1B7 /* ViewController.m */,
				E778FA4725374D66009EC1B7 /* Main.storyboard */,
				E778FA4D25374D6C009EC1B7 /* Assets.xcassets */,
				E778FA4F25374D6C009EC1B7 /* LaunchScreen.storyboard */,
				E778FA5225374D6C009EC1B7 /* Info.plist */,
				E778FA5325374D6C009EC1B7 /* main.m */,
				E778FA4A25374D66009EC1B7 /* iFocusTech.xcdatamodeld */,
			);
			path = iFocusTech;
			sourceTree = "<group>";
		};
		E778FA5C25374D6C009EC1B7 /* iFocusTechTests */ = {
			isa = PBXGroup;
			children = (
				E778FA5D25374D6C009EC1B7 /* iFocusTechTests.m */,
				E778FA5F25374D6C009EC1B7 /* Info.plist */,
			);
			path = iFocusTechTests;
			sourceTree = "<group>";
		};
		E778FA6725374D6C009EC1B7 /* iFocusTechUITests */ = {
			isa = PBXGroup;
			children = (
				E778FA6825374D6C009EC1B7 /* iFocusTechUITests.m */,
				E778FA6A25374D6C009EC1B7 /* Info.plist */,
			);
			path = iFocusTechUITests;
			sourceTree = "<group>";
		};
		E778FA7B25374E3D009EC1B7 /* 内存管理 */ = {
			isa = PBXGroup;
			children = (
				E778FA7C25374E3D009EC1B7 /* AppDelegate.h */,
				E778FA7D25374E3D009EC1B7 /* AppDelegate.m */,
				E778FA7F25374E3D009EC1B7 /* SceneDelegate.h */,
				E778FA8025374E3D009EC1B7 /* SceneDelegate.m */,
				E778FA8225374E3D009EC1B7 /* ViewController.h */,
				E778FA8325374E3D009EC1B7 /* ViewController.m */,
				E778FAB0253B3A38009EC1B7 /* Person.h */,
				E778FAB1253B3A38009EC1B7 /* Person.m */,
				E778FAB3253B4495009EC1B7 /* PublicHeader.h */,
				E778FA8525374E3D009EC1B7 /* Main.storyboard */,
				E778FA8825374E3F009EC1B7 /* Assets.xcassets */,
				E778FA8A25374E3F009EC1B7 /* LaunchScreen.storyboard */,
				E778FA8D25374E3F009EC1B7 /* Info.plist */,
				E778FA8E25374E3F009EC1B7 /* main.m */,
			);
			path = "内存管理";
			sourceTree = "<group>";
		};
		E778FA98253B2695009EC1B7 /* 多线程 */ = {
			isa = PBXGroup;
			children = (
				E778FA99253B2695009EC1B7 /* AppDelegate.h */,
				E778FA9A253B2695009EC1B7 /* AppDelegate.m */,
				E778FA9C253B2695009EC1B7 /* SceneDelegate.h */,
				E778FA9D253B2695009EC1B7 /* SceneDelegate.m */,
				E778FA9F253B2695009EC1B7 /* ViewController.h */,
				E778FAA0253B2695009EC1B7 /* ViewController.m */,
				E778FAA2253B2695009EC1B7 /* Main.storyboard */,
				E778FAA5253B2699009EC1B7 /* Assets.xcassets */,
				E778FAA7253B2699009EC1B7 /* LaunchScreen.storyboard */,
				E778FAAA253B2699009EC1B7 /* Info.plist */,
				E778FAAB253B2699009EC1B7 /* main.m */,
			);
			path = "多线程";
			sourceTree = "<group>";
		};
/* End PBXGroup section */

/* Begin PBXNativeTarget section */
		E72CA9D9253F3786003CC1ED /* runtime */ = {
			isa = PBXNativeTarget;
			buildConfigurationList = E72CA9F2253F378B003CC1ED /* Build configuration list for PBXNativeTarget "runtime" */;
			buildPhases = (
				E72CA9D6253F3786003CC1ED /* Sources */,
				E72CA9D7253F3786003CC1ED /* Frameworks */,
				E72CA9D8253F3786003CC1ED /* Resources */,
			);
			buildRules = (
			);
			dependencies = (
			);
			name = runtime;
			productName = runtime;
			productReference = E72CA9DA253F3786003CC1ED /* runtime.app */;
			productType = "com.apple.product-type.application";
		};
		E778FA3A25374D66009EC1B7 /* iFocusTech */ = {
			isa = PBXNativeTarget;
			buildConfigurationList = E778FA6D25374D6C009EC1B7 /* Build configuration list for PBXNativeTarget "iFocusTech" */;
			buildPhases = (
				E778FA3725374D66009EC1B7 /* Sources */,
				E778FA3825374D66009EC1B7 /* Frameworks */,
				E778FA3925374D66009EC1B7 /* Resources */,
			);
			buildRules = (
			);
			dependencies = (
			);
			name = iFocusTech;
			productName = iFocusTech;
			productReference = E778FA3B25374D66009EC1B7 /* iFocusTech.app */;
			productType = "com.apple.product-type.application";
		};
		E778FA5825374D6C009EC1B7 /* iFocusTechTests */ = {
			isa = PBXNativeTarget;
			buildConfigurationList = E778FA7025374D6C009EC1B7 /* Build configuration list for PBXNativeTarget "iFocusTechTests" */;
			buildPhases = (
				E778FA5525374D6C009EC1B7 /* Sources */,
				E778FA5625374D6C009EC1B7 /* Frameworks */,
				E778FA5725374D6C009EC1B7 /* Resources */,
			);
			buildRules = (
			);
			dependencies = (
				E778FA5B25374D6C009EC1B7 /* PBXTargetDependency */,
			);
			name = iFocusTechTests;
			productName = iFocusTechTests;
			productReference = E778FA5925374D6C009EC1B7 /* iFocusTechTests.xctest */;
			productType = "com.apple.product-type.bundle.unit-test";
		};
		E778FA6325374D6C009EC1B7 /* iFocusTechUITests */ = {
			isa = PBXNativeTarget;
			buildConfigurationList = E778FA7325374D6C009EC1B7 /* Build configuration list for PBXNativeTarget "iFocusTechUITests" */;
			buildPhases = (
				E778FA6025374D6C009EC1B7 /* Sources */,
				E778FA6125374D6C009EC1B7 /* Frameworks */,
				E778FA6225374D6C009EC1B7 /* Resources */,
			);
			buildRules = (
			);
			dependencies = (
				E778FA6625374D6C009EC1B7 /* PBXTargetDependency */,
			);
			name = iFocusTechUITests;
			productName = iFocusTechUITests;
			productReference = E778FA6425374D6C009EC1B7 /* iFocusTechUITests.xctest */;
			productType = "com.apple.product-type.bundle.ui-testing";
		};
		E778FA7925374E3D009EC1B7 /* 内存管理 */ = {
			isa = PBXNativeTarget;
			buildConfigurationList = E778FA9025374E3F009EC1B7 /* Build configuration list for PBXNativeTarget "内存管理" */;
			buildPhases = (
				E778FA7625374E3D009EC1B7 /* Sources */,
				E778FA7725374E3D009EC1B7 /* Frameworks */,
				E778FA7825374E3D009EC1B7 /* Resources */,
			);
			buildRules = (
			);
			dependencies = (
			);
			name = "内存管理";
			productName = "内存管理";
			productReference = E778FA7A25374E3D009EC1B7 /* 内存管理.app */;
			productType = "com.apple.product-type.application";
		};
		E778FA96253B2695009EC1B7 /* 多线程 */ = {
			isa = PBXNativeTarget;
			buildConfigurationList = E778FAAD253B2699009EC1B7 /* Build configuration list for PBXNativeTarget "多线程" */;
			buildPhases = (
				E778FA93253B2695009EC1B7 /* Sources */,
				E778FA94253B2695009EC1B7 /* Frameworks */,
				E778FA95253B2695009EC1B7 /* Resources */,
			);
			buildRules = (
			);
			dependencies = (
			);
			name = "多线程";
			productName = "多线程";
			productReference = E778FA97253B2695009EC1B7 /* 多线程.app */;
			productType = "com.apple.product-type.application";
		};
/* End PBXNativeTarget section */

/* Begin PBXProject section */
		E778FA3325374D66009EC1B7 /* Project object */ = {
			isa = PBXProject;
			attributes = {
				LastUpgradeCheck = 1140;
				ORGANIZATIONNAME = Li_JinLin;
				TargetAttributes = {
					E72CA9D9253F3786003CC1ED = {
						CreatedOnToolsVersion = 11.4;
					};
					E778FA3A25374D66009EC1B7 = {
						CreatedOnToolsVersion = 11.4;
					};
					E778FA5825374D6C009EC1B7 = {
						CreatedOnToolsVersion = 11.4;
						TestTargetID = E778FA3A25374D66009EC1B7;
					};
					E778FA6325374D6C009EC1B7 = {
						CreatedOnToolsVersion = 11.4;
						TestTargetID = E778FA3A25374D66009EC1B7;
					};
					E778FA7925374E3D009EC1B7 = {
						CreatedOnToolsVersion = 11.4;
					};
					E778FA96253B2695009EC1B7 = {
						CreatedOnToolsVersion = 11.4;
					};
				};
			};
			buildConfigurationList = E778FA3625374D66009EC1B7 /* Build configuration list for PBXProject "iFocusTech" */;
			compatibilityVersion = "Xcode 9.3";
			developmentRegion = en;
			hasScannedForEncodings = 0;
			knownRegions = (
				en,
				Base,
			);
			mainGroup = E778FA3225374D66009EC1B7;
			productRefGroup = E778FA3C25374D66009EC1B7 /* Products */;
			projectDirPath = "";
			projectRoot = "";
			targets = (
				E778FA3A25374D66009EC1B7 /* iFocusTech */,
				E778FA5825374D6C009EC1B7 /* iFocusTechTests */,
				E778FA6325374D6C009EC1B7 /* iFocusTechUITests */,
				E778FA7925374E3D009EC1B7 /* 内存管理 */,
				E778FA96253B2695009EC1B7 /* 多线程 */,
				E72CA9D9253F3786003CC1ED /* runtime */,
			);
		};
/* End PBXProject section */

/* Begin PBXResourcesBuildPhase section */
		E72CA9D8253F3786003CC1ED /* Resources */ = {
			isa = PBXResourcesBuildPhase;
			buildActionMask = 2147483647;
			files = (
				E72CA9EC253F378A003CC1ED /* LaunchScreen.storyboard in Resources */,
				E72CA9E9253F378A003CC1ED /* Assets.xcassets in Resources */,
				E72CA9E7253F3787003CC1ED /* Main.storyboard in Resources */,
			);
			runOnlyForDeploymentPostprocessing = 0;
		};
		E778FA3925374D66009EC1B7 /* Resources */ = {
			isa = PBXResourcesBuildPhase;
			buildActionMask = 2147483647;
			files = (
				E778FA5125374D6C009EC1B7 /* LaunchScreen.storyboard in Resources */,
				E778FA4E25374D6C009EC1B7 /* Assets.xcassets in Resources */,
				E778FA4925374D66009EC1B7 /* Main.storyboard in Resources */,
			);
			runOnlyForDeploymentPostprocessing = 0;
		};
		E778FA5725374D6C009EC1B7 /* Resources */ = {
			isa = PBXResourcesBuildPhase;
			buildActionMask = 2147483647;
			files = (
			);
			runOnlyForDeploymentPostprocessing = 0;
		};
		E778FA6225374D6C009EC1B7 /* Resources */ = {
			isa = PBXResourcesBuildPhase;
			buildActionMask = 2147483647;
			files = (
			);
			runOnlyForDeploymentPostprocessing = 0;
		};
		E778FA7825374E3D009EC1B7 /* Resources */ = {
			isa = PBXResourcesBuildPhase;
			buildActionMask = 2147483647;
			files = (
				E778FA8C25374E3F009EC1B7 /* LaunchScreen.storyboard in Resources */,
				E778FA8925374E3F009EC1B7 /* Assets.xcassets in Resources */,
				E778FA8725374E3D009EC1B7 /* Main.storyboard in Resources */,
			);
			runOnlyForDeploymentPostprocessing = 0;
		};
		E778FA95253B2695009EC1B7 /* Resources */ = {
			isa = PBXResourcesBuildPhase;
			buildActionMask = 2147483647;
			files = (
				E778FAA9253B2699009EC1B7 /* LaunchScreen.storyboard in Resources */,
				E778FAA6253B2699009EC1B7 /* Assets.xcassets in Resources */,
				E778FAA4253B2695009EC1B7 /* Main.storyboard in Resources */,
			);
			runOnlyForDeploymentPostprocessing = 0;
		};
/* End PBXResourcesBuildPhase section */

/* Begin PBXSourcesBuildPhase section */
		E72CA9D6253F3786003CC1ED /* Sources */ = {
			isa = PBXSourcesBuildPhase;
			buildActionMask = 2147483647;
			files = (
				E72CA9E4253F3787003CC1ED /* ViewController.m in Sources */,
				E72CA9DE253F3787003CC1ED /* AppDelegate.m in Sources */,
				E72CA9EF253F378A003CC1ED /* main.m in Sources */,
				E72CA9E1253F3787003CC1ED /* SceneDelegate.m in Sources */,
			);
			runOnlyForDeploymentPostprocessing = 0;
		};
		E778FA3725374D66009EC1B7 /* Sources */ = {
			isa = PBXSourcesBuildPhase;
			buildActionMask = 2147483647;
			files = (
				E778FA5425374D6C009EC1B7 /* main.m in Sources */,
				E778FA4C25374D66009EC1B7 /* iFocusTech.xcdatamodeld in Sources */,
				E778FA4625374D66009EC1B7 /* ViewController.m in Sources */,
				E778FA4025374D66009EC1B7 /* AppDelegate.m in Sources */,
				E778FA4325374D66009EC1B7 /* SceneDelegate.m in Sources */,
			);
			runOnlyForDeploymentPostprocessing = 0;
		};
		E778FA5525374D6C009EC1B7 /* Sources */ = {
			isa = PBXSourcesBuildPhase;
			buildActionMask = 2147483647;
			files = (
				E778FA5E25374D6C009EC1B7 /* iFocusTechTests.m in Sources */,
			);
			runOnlyForDeploymentPostprocessing = 0;
		};
		E778FA6025374D6C009EC1B7 /* Sources */ = {
			isa = PBXSourcesBuildPhase;
			buildActionMask = 2147483647;
			files = (
				E778FA6925374D6C009EC1B7 /* iFocusTechUITests.m in Sources */,
			);
			runOnlyForDeploymentPostprocessing = 0;
		};
		E778FA7625374E3D009EC1B7 /* Sources */ = {
			isa = PBXSourcesBuildPhase;
			buildActionMask = 2147483647;
			files = (
				E778FA8425374E3D009EC1B7 /* ViewController.m in Sources */,
				E778FA7E25374E3D009EC1B7 /* AppDelegate.m in Sources */,
				E778FAB2253B3A38009EC1B7 /* Person.m in Sources */,
				E778FA8F25374E3F009EC1B7 /* main.m in Sources */,
				E778FA8125374E3D009EC1B7 /* SceneDelegate.m in Sources */,
			);
			runOnlyForDeploymentPostprocessing = 0;
		};
		E778FA93253B2695009EC1B7 /* Sources */ = {
			isa = PBXSourcesBuildPhase;
			buildActionMask = 2147483647;
			files = (
				E778FAA1253B2695009EC1B7 /* ViewController.m in Sources */,
				E778FA9B253B2695009EC1B7 /* AppDelegate.m in Sources */,
				E778FAAC253B2699009EC1B7 /* main.m in Sources */,
				E778FA9E253B2695009EC1B7 /* SceneDelegate.m in Sources */,
			);
			runOnlyForDeploymentPostprocessing = 0;
		};
/* End PBXSourcesBuildPhase section */

/* Begin PBXTargetDependency section */
		E778FA5B25374D6C009EC1B7 /* PBXTargetDependency */ = {
			isa = PBXTargetDependency;
			target = E778FA3A25374D66009EC1B7 /* iFocusTech */;
			targetProxy = E778FA5A25374D6C009EC1B7 /* PBXContainerItemProxy */;
		};
		E778FA6625374D6C009EC1B7 /* PBXTargetDependency */ = {
			isa = PBXTargetDependency;
			target = E778FA3A25374D66009EC1B7 /* iFocusTech */;
			targetProxy = E778FA6525374D6C009EC1B7 /* PBXContainerItemProxy */;
		};
/* End PBXTargetDependency section */

/* Begin PBXVariantGroup section */
		E72CA9E5253F3787003CC1ED /* Main.storyboard */ = {
			isa = PBXVariantGroup;
			children = (
				E72CA9E6253F3787003CC1ED /* Base */,
			);
			name = Main.storyboard;
			sourceTree = "<group>";
		};
		E72CA9EA253F378A003CC1ED /* LaunchScreen.storyboard */ = {
			isa = PBXVariantGroup;
			children = (
				E72CA9EB253F378A003CC1ED /* Base */,
			);
			name = LaunchScreen.storyboard;
			sourceTree = "<group>";
		};
		E778FA4725374D66009EC1B7 /* Main.storyboard */ = {
			isa = PBXVariantGroup;
			children = (
				E778FA4825374D66009EC1B7 /* Base */,
			);
			name = Main.storyboard;
			sourceTree = "<group>";
		};
		E778FA4F25374D6C009EC1B7 /* LaunchScreen.storyboard */ = {
			isa = PBXVariantGroup;
			children = (
				E778FA5025374D6C009EC1B7 /* Base */,
			);
			name = LaunchScreen.storyboard;
			sourceTree = "<group>";
		};
		E778FA8525374E3D009EC1B7 /* Main.storyboard */ = {
			isa = PBXVariantGroup;
			children = (
				E778FA8625374E3D009EC1B7 /* Base */,
			);
			name = Main.storyboard;
			sourceTree = "<group>";
		};
		E778FA8A25374E3F009EC1B7 /* LaunchScreen.storyboard */ = {
			isa = PBXVariantGroup;
			children = (
				E778FA8B25374E3F009EC1B7 /* Base */,
			);
			name = LaunchScreen.storyboard;
			sourceTree = "<group>";
		};
		E778FAA2253B2695009EC1B7 /* Main.storyboard */ = {
			isa = PBXVariantGroup;
			children = (
				E778FAA3253B2695009EC1B7 /* Base */,
			);
			name = Main.storyboard;
			sourceTree = "<group>";
		};
		E778FAA7253B2699009EC1B7 /* LaunchScreen.storyboard */ = {
			isa = PBXVariantGroup;
			children = (
				E778FAA8253B2699009EC1B7 /* Base */,
			);
			name = LaunchScreen.storyboard;
			sourceTree = "<group>";
		};
/* End PBXVariantGroup section */

/* Begin XCBuildConfiguration section */
		E72CA9F0253F378A003CC1ED /* Debug */ = {
			isa = XCBuildConfiguration;
			buildSettings = {
				ASSETCATALOG_COMPILER_APPICON_NAME = AppIcon;
				CODE_SIGN_STYLE = Automatic;
				INFOPLIST_FILE = runtime/Info.plist;
				LD_RUNPATH_SEARCH_PATHS = (
					"$(inherited)",
					"@executable_path/Frameworks",
				);
				PRODUCT_BUNDLE_IDENTIFIER = "-056838379-qq.com.runtime";
				PRODUCT_NAME = "$(TARGET_NAME)";
				TARGETED_DEVICE_FAMILY = "1,2";
			};
			name = Debug;
		};
		E72CA9F1253F378A003CC1ED /* Release */ = {
			isa = XCBuildConfiguration;
			buildSettings = {
				ASSETCATALOG_COMPILER_APPICON_NAME = AppIcon;
				CODE_SIGN_STYLE = Automatic;
				INFOPLIST_FILE = runtime/Info.plist;
				LD_RUNPATH_SEARCH_PATHS = (
					"$(inherited)",
					"@executable_path/Frameworks",
				);
				PRODUCT_BUNDLE_IDENTIFIER = "-056838379-qq.com.runtime";
				PRODUCT_NAME = "$(TARGET_NAME)";
				TARGETED_DEVICE_FAMILY = "1,2";
			};
			name = Release;
		};
		E778FA6B25374D6C009EC1B7 /* Debug */ = {
			isa = XCBuildConfiguration;
			buildSettings = {
				ALWAYS_SEARCH_USER_PATHS = NO;
				CLANG_ANALYZER_NONNULL = YES;
				CLANG_ANALYZER_NUMBER_OBJECT_CONVERSION = YES_AGGRESSIVE;
				CLANG_CXX_LANGUAGE_STANDARD = "gnu++14";
				CLANG_CXX_LIBRARY = "libc++";
				CLANG_ENABLE_MODULES = YES;
				CLANG_ENABLE_OBJC_ARC = YES;
				CLANG_ENABLE_OBJC_WEAK = YES;
				CLANG_WARN_BLOCK_CAPTURE_AUTORELEASING = YES;
				CLANG_WARN_BOOL_CONVERSION = YES;
				CLANG_WARN_COMMA = YES;
				CLANG_WARN_CONSTANT_CONVERSION = YES;
				CLANG_WARN_DEPRECATED_OBJC_IMPLEMENTATIONS = YES;
				CLANG_WARN_DIRECT_OBJC_ISA_USAGE = YES_ERROR;
				CLANG_WARN_DOCUMENTATION_COMMENTS = YES;
				CLANG_WARN_EMPTY_BODY = YES;
				CLANG_WARN_ENUM_CONVERSION = YES;
				CLANG_WARN_INFINITE_RECURSION = YES;
				CLANG_WARN_INT_CONVERSION = YES;
				CLANG_WARN_NON_LITERAL_NULL_CONVERSION = YES;
				CLANG_WARN_OBJC_IMPLICIT_RETAIN_SELF = YES;
				CLANG_WARN_OBJC_LITERAL_CONVERSION = YES;
				CLANG_WARN_OBJC_ROOT_CLASS = YES_ERROR;
				CLANG_WARN_RANGE_LOOP_ANALYSIS = YES;
				CLANG_WARN_STRICT_PROTOTYPES = YES;
				CLANG_WARN_SUSPICIOUS_MOVE = YES;
				CLANG_WARN_UNGUARDED_AVAILABILITY = YES_AGGRESSIVE;
				CLANG_WARN_UNREACHABLE_CODE = YES;
				CLANG_WARN__DUPLICATE_METHOD_MATCH = YES;
				COPY_PHASE_STRIP = NO;
				DEBUG_INFORMATION_FORMAT = dwarf;
				ENABLE_STRICT_OBJC_MSGSEND = YES;
				ENABLE_TESTABILITY = YES;
				GCC_C_LANGUAGE_STANDARD = gnu11;
				GCC_DYNAMIC_NO_PIC = NO;
				GCC_NO_COMMON_BLOCKS = YES;
				GCC_OPTIMIZATION_LEVEL = 0;
				GCC_PREPROCESSOR_DEFINITIONS = (
					"DEBUG=1",
					"$(inherited)",
				);
				GCC_WARN_64_TO_32_BIT_CONVERSION = YES;
				GCC_WARN_ABOUT_RETURN_TYPE = YES_ERROR;
				GCC_WARN_UNDECLARED_SELECTOR = YES;
				GCC_WARN_UNINITIALIZED_AUTOS = YES_AGGRESSIVE;
				GCC_WARN_UNUSED_FUNCTION = YES;
				GCC_WARN_UNUSED_VARIABLE = YES;
				IPHONEOS_DEPLOYMENT_TARGET = 13.4;
				MTL_ENABLE_DEBUG_INFO = INCLUDE_SOURCE;
				MTL_FAST_MATH = YES;
				ONLY_ACTIVE_ARCH = YES;
				SDKROOT = iphoneos;
			};
			name = Debug;
		};
		E778FA6C25374D6C009EC1B7 /* Release */ = {
			isa = XCBuildConfiguration;
			buildSettings = {
				ALWAYS_SEARCH_USER_PATHS = NO;
				CLANG_ANALYZER_NONNULL = YES;
				CLANG_ANALYZER_NUMBER_OBJECT_CONVERSION = YES_AGGRESSIVE;
				CLANG_CXX_LANGUAGE_STANDARD = "gnu++14";
				CLANG_CXX_LIBRARY = "libc++";
				CLANG_ENABLE_MODULES = YES;
				CLANG_ENABLE_OBJC_ARC = YES;
				CLANG_ENABLE_OBJC_WEAK = YES;
				CLANG_WARN_BLOCK_CAPTURE_AUTORELEASING = YES;
				CLANG_WARN_BOOL_CONVERSION = YES;
				CLANG_WARN_COMMA = YES;
				CLANG_WARN_CONSTANT_CONVERSION = YES;
				CLANG_WARN_DEPRECATED_OBJC_IMPLEMENTATIONS = YES;
				CLANG_WARN_DIRECT_OBJC_ISA_USAGE = YES_ERROR;
				CLANG_WARN_DOCUMENTATION_COMMENTS = YES;
				CLANG_WARN_EMPTY_BODY = YES;
				CLANG_WARN_ENUM_CONVERSION = YES;
				CLANG_WARN_INFINITE_RECURSION = YES;
				CLANG_WARN_INT_CONVERSION = YES;
				CLANG_WARN_NON_LITERAL_NULL_CONVERSION = YES;
				CLANG_WARN_OBJC_IMPLICIT_RETAIN_SELF = YES;
				CLANG_WARN_OBJC_LITERAL_CONVERSION = YES;
				CLANG_WARN_OBJC_ROOT_CLASS = YES_ERROR;
				CLANG_WARN_RANGE_LOOP_ANALYSIS = YES;
				CLANG_WARN_STRICT_PROTOTYPES = YES;
				CLANG_WARN_SUSPICIOUS_MOVE = YES;
				CLANG_WARN_UNGUARDED_AVAILABILITY = YES_AGGRESSIVE;
				CLANG_WARN_UNREACHABLE_CODE = YES;
				CLANG_WARN__DUPLICATE_METHOD_MATCH = YES;
				COPY_PHASE_STRIP = NO;
				DEBUG_INFORMATION_FORMAT = "dwarf-with-dsym";
				ENABLE_NS_ASSERTIONS = NO;
				ENABLE_STRICT_OBJC_MSGSEND = YES;
				GCC_C_LANGUAGE_STANDARD = gnu11;
				GCC_NO_COMMON_BLOCKS = YES;
				GCC_WARN_64_TO_32_BIT_CONVERSION = YES;
				GCC_WARN_ABOUT_RETURN_TYPE = YES_ERROR;
				GCC_WARN_UNDECLARED_SELECTOR = YES;
				GCC_WARN_UNINITIALIZED_AUTOS = YES_AGGRESSIVE;
				GCC_WARN_UNUSED_FUNCTION = YES;
				GCC_WARN_UNUSED_VARIABLE = YES;
				IPHONEOS_DEPLOYMENT_TARGET = 13.4;
				MTL_ENABLE_DEBUG_INFO = NO;
				MTL_FAST_MATH = YES;
				SDKROOT = iphoneos;
				VALIDATE_PRODUCT = YES;
			};
			name = Release;
		};
		E778FA6E25374D6C009EC1B7 /* Debug */ = {
			isa = XCBuildConfiguration;
			buildSettings = {
				ASSETCATALOG_COMPILER_APPICON_NAME = AppIcon;
				CLANG_ENABLE_OBJC_ARC = YES;
				CODE_SIGN_STYLE = Automatic;
				INFOPLIST_FILE = iFocusTech/Info.plist;
				LD_RUNPATH_SEARCH_PATHS = (
					"$(inherited)",
					"@executable_path/Frameworks",
				);
				PRODUCT_BUNDLE_IDENTIFIER = "-056838379-qq.com.iFocusTech";
				PRODUCT_NAME = "$(TARGET_NAME)";
				TARGETED_DEVICE_FAMILY = "1,2";
			};
			name = Debug;
		};
		E778FA6F25374D6C009EC1B7 /* Release */ = {
			isa = XCBuildConfiguration;
			buildSettings = {
				ASSETCATALOG_COMPILER_APPICON_NAME = AppIcon;
				CLANG_ENABLE_OBJC_ARC = YES;
				CODE_SIGN_STYLE = Automatic;
				INFOPLIST_FILE = iFocusTech/Info.plist;
				LD_RUNPATH_SEARCH_PATHS = (
					"$(inherited)",
					"@executable_path/Frameworks",
				);
				PRODUCT_BUNDLE_IDENTIFIER = "-056838379-qq.com.iFocusTech";
				PRODUCT_NAME = "$(TARGET_NAME)";
				TARGETED_DEVICE_FAMILY = "1,2";
			};
			name = Release;
		};
		E778FA7125374D6C009EC1B7 /* Debug */ = {
			isa = XCBuildConfiguration;
			buildSettings = {
				BUNDLE_LOADER = "$(TEST_HOST)";
				CODE_SIGN_STYLE = Automatic;
				INFOPLIST_FILE = iFocusTechTests/Info.plist;
				IPHONEOS_DEPLOYMENT_TARGET = 13.4;
				LD_RUNPATH_SEARCH_PATHS = (
					"$(inherited)",
					"@executable_path/Frameworks",
					"@loader_path/Frameworks",
				);
				PRODUCT_BUNDLE_IDENTIFIER = "-056838379-qq.com.iFocusTechTests";
				PRODUCT_NAME = "$(TARGET_NAME)";
				TARGETED_DEVICE_FAMILY = "1,2";
				TEST_HOST = "$(BUILT_PRODUCTS_DIR)/iFocusTech.app/iFocusTech";
			};
			name = Debug;
		};
		E778FA7225374D6C009EC1B7 /* Release */ = {
			isa = XCBuildConfiguration;
			buildSettings = {
				BUNDLE_LOADER = "$(TEST_HOST)";
				CODE_SIGN_STYLE = Automatic;
				INFOPLIST_FILE = iFocusTechTests/Info.plist;
				IPHONEOS_DEPLOYMENT_TARGET = 13.4;
				LD_RUNPATH_SEARCH_PATHS = (
					"$(inherited)",
					"@executable_path/Frameworks",
					"@loader_path/Frameworks",
				);
				PRODUCT_BUNDLE_IDENTIFIER = "-056838379-qq.com.iFocusTechTests";
				PRODUCT_NAME = "$(TARGET_NAME)";
				TARGETED_DEVICE_FAMILY = "1,2";
				TEST_HOST = "$(BUILT_PRODUCTS_DIR)/iFocusTech.app/iFocusTech";
			};
			name = Release;
		};
		E778FA7425374D6C009EC1B7 /* Debug */ = {
			isa = XCBuildConfiguration;
			buildSettings = {
				CODE_SIGN_STYLE = Automatic;
				INFOPLIST_FILE = iFocusTechUITests/Info.plist;
				LD_RUNPATH_SEARCH_PATHS = (
					"$(inherited)",
					"@executable_path/Frameworks",
					"@loader_path/Frameworks",
				);
				PRODUCT_BUNDLE_IDENTIFIER = "-056838379-qq.com.iFocusTechUITests";
				PRODUCT_NAME = "$(TARGET_NAME)";
				TARGETED_DEVICE_FAMILY = "1,2";
				TEST_TARGET_NAME = iFocusTech;
			};
			name = Debug;
		};
		E778FA7525374D6C009EC1B7 /* Release */ = {
			isa = XCBuildConfiguration;
			buildSettings = {
				CODE_SIGN_STYLE = Automatic;
				INFOPLIST_FILE = iFocusTechUITests/Info.plist;
				LD_RUNPATH_SEARCH_PATHS = (
					"$(inherited)",
					"@executable_path/Frameworks",
					"@loader_path/Frameworks",
				);
				PRODUCT_BUNDLE_IDENTIFIER = "-056838379-qq.com.iFocusTechUITests";
				PRODUCT_NAME = "$(TARGET_NAME)";
				TARGETED_DEVICE_FAMILY = "1,2";
				TEST_TARGET_NAME = iFocusTech;
			};
			name = Release;
		};
		E778FA9125374E3F009EC1B7 /* Debug */ = {
			isa = XCBuildConfiguration;
			buildSettings = {
				ASSETCATALOG_COMPILER_APPICON_NAME = AppIcon;
				CLANG_ENABLE_OBJC_ARC = YES;
				CODE_SIGN_STYLE = Automatic;
				INFOPLIST_FILE = "内存管理/Info.plist";
				LD_RUNPATH_SEARCH_PATHS = (
					"$(inherited)",
					"@executable_path/Frameworks",
				);
				PRODUCT_BUNDLE_IDENTIFIER = "-056838379-qq.com.----";
				PRODUCT_NAME = "$(TARGET_NAME)";
				TARGETED_DEVICE_FAMILY = "1,2";
			};
			name = Debug;
		};
		E778FA9225374E3F009EC1B7 /* Release */ = {
			isa = XCBuildConfiguration;
			buildSettings = {
				ASSETCATALOG_COMPILER_APPICON_NAME = AppIcon;
				CLANG_ENABLE_OBJC_ARC = YES;
				CODE_SIGN_STYLE = Automatic;
				INFOPLIST_FILE = "内存管理/Info.plist";
				LD_RUNPATH_SEARCH_PATHS = (
					"$(inherited)",
					"@executable_path/Frameworks",
				);
				PRODUCT_BUNDLE_IDENTIFIER = "-056838379-qq.com.----";
				PRODUCT_NAME = "$(TARGET_NAME)";
				TARGETED_DEVICE_FAMILY = "1,2";
			};
			name = Release;
		};
		E778FAAE253B2699009EC1B7 /* Debug */ = {
			isa = XCBuildConfiguration;
			buildSettings = {
				ASSETCATALOG_COMPILER_APPICON_NAME = AppIcon;
				CODE_SIGN_STYLE = Automatic;
				INFOPLIST_FILE = "多线程/Info.plist";
				LD_RUNPATH_SEARCH_PATHS = (
					"$(inherited)",
					"@executable_path/Frameworks",
				);
				PRODUCT_BUNDLE_IDENTIFIER = "-056838379-qq.com.---";
				PRODUCT_NAME = "$(TARGET_NAME)";
				TARGETED_DEVICE_FAMILY = "1,2";
			};
			name = Debug;
		};
		E778FAAF253B2699009EC1B7 /* Release */ = {
			isa = XCBuildConfiguration;
			buildSettings = {
				ASSETCATALOG_COMPILER_APPICON_NAME = AppIcon;
				CODE_SIGN_STYLE = Automatic;
				INFOPLIST_FILE = "多线程/Info.plist";
				LD_RUNPATH_SEARCH_PATHS = (
					"$(inherited)",
					"@executable_path/Frameworks",
				);
				PRODUCT_BUNDLE_IDENTIFIER = "-056838379-qq.com.---";
				PRODUCT_NAME = "$(TARGET_NAME)";
				TARGETED_DEVICE_FAMILY = "1,2";
			};
			name = Release;
		};
/* End XCBuildConfiguration section */

/* Begin XCConfigurationList section */
		E72CA9F2253F378B003CC1ED /* Build configuration list for PBXNativeTarget "runtime" */ = {
			isa = XCConfigurationList;
			buildConfigurations = (
				E72CA9F0253F378A003CC1ED /* Debug */,
				E72CA9F1253F378A003CC1ED /* Release */,
			);
			defaultConfigurationIsVisible = 0;
			defaultConfigurationName = Release;
		};
		E778FA3625374D66009EC1B7 /* Build configuration list for PBXProject "iFocusTech" */ = {
			isa = XCConfigurationList;
			buildConfigurations = (
				E778FA6B25374D6C009EC1B7 /* Debug */,
				E778FA6C25374D6C009EC1B7 /* Release */,
			);
			defaultConfigurationIsVisible = 0;
			defaultConfigurationName = Release;
		};
		E778FA6D25374D6C009EC1B7 /* Build configuration list for PBXNativeTarget "iFocusTech" */ = {
			isa = XCConfigurationList;
			buildConfigurations = (
				E778FA6E25374D6C009EC1B7 /* Debug */,
				E778FA6F25374D6C009EC1B7 /* Release */,
			);
			defaultConfigurationIsVisible = 0;
			defaultConfigurationName = Release;
		};
		E778FA7025374D6C009EC1B7 /* Build configuration list for PBXNativeTarget "iFocusTechTests" */ = {
			isa = XCConfigurationList;
			buildConfigurations = (
				E778FA7125374D6C009EC1B7 /* Debug */,
				E778FA7225374D6C009EC1B7 /* Release */,
			);
			defaultConfigurationIsVisible = 0;
			defaultConfigurationName = Release;
		};
		E778FA7325374D6C009EC1B7 /* Build configuration list for PBXNativeTarget "iFocusTechUITests" */ = {
			isa = XCConfigurationList;
			buildConfigurations = (
				E778FA7425374D6C009EC1B7 /* Debug */,
				E778FA7525374D6C009EC1B7 /* Release */,
			);
			defaultConfigurationIsVisible = 0;
			defaultConfigurationName = Release;
		};
		E778FA9025374E3F009EC1B7 /* Build configuration list for PBXNativeTarget "内存管理" */ = {
			isa = XCConfigurationList;
			buildConfigurations = (
				E778FA9125374E3F009EC1B7 /* Debug */,
				E778FA9225374E3F009EC1B7 /* Release */,
			);
			defaultConfigurationIsVisible = 0;
			defaultConfigurationName = Release;
		};
		E778FAAD253B2699009EC1B7 /* Build configuration list for PBXNativeTarget "多线程" */ = {
			isa = XCConfigurationList;
			buildConfigurations = (
				E778FAAE253B2699009EC1B7 /* Debug */,
				E778FAAF253B2699009EC1B7 /* Release */,
			);
			defaultConfigurationIsVisible = 0;
			defaultConfigurationName = Release;
		};
/* End XCConfigurationList section */

/* Begin XCVersionGroup section */
		E778FA4A25374D66009EC1B7 /* iFocusTech.xcdatamodeld */ = {
			isa = XCVersionGroup;
			children = (
				E778FA4B25374D66009EC1B7 /* iFocusTech.xcdatamodel */,
			);
			currentVersion = E778FA4B25374D66009EC1B7 /* iFocusTech.xcdatamodel */;
			path = iFocusTech.xcdatamodeld;
			sourceTree = "<group>";
			versionGroupType = wrapper.xcdatamodel;
		};
/* End XCVersionGroup section */
	};
	rootObject = E778FA3325374D66009EC1B7 /* Project object */;
}
